// !$*UTF8*$!
{
	archiveVersion = 1;
	classes = {
	};
	objectVersion = 51;
	objects = {

/* Begin PBXBuildFile section */
		30AC76195E525A5305657244 /* Pods_MedDesktop.framework in Frameworks */ = {isa = PBXBuildFile; fileRef = 81CC1538CB1917EB6C47D5D2 /* Pods_MedDesktop.framework */; };
		5462F08626DF78CB005F1C52 /* HTMLFile.swift in Sources */ = {isa = PBXBuildFile; fileRef = 5462F08526DF78CB005F1C52 /* HTMLFile.swift */; };
		547A077E268F35AD0095B74E /* ValidateCodeView.swift in Sources */ = {isa = PBXBuildFile; fileRef = 547A077D268F35AD0095B74E /* ValidateCodeView.swift */; };
		547A0780268F35C50095B74E /* ValidateCodeViewController.swift in Sources */ = {isa = PBXBuildFile; fileRef = 547A077F268F35C50095B74E /* ValidateCodeViewController.swift */; };
		547A0785269336F40095B74E /* MainViewController.swift in Sources */ = {isa = PBXBuildFile; fileRef = 547A0784269336F40095B74E /* MainViewController.swift */; };
		547A0787269336FE0095B74E /* MainView.swift in Sources */ = {isa = PBXBuildFile; fileRef = 547A0786269336FE0095B74E /* MainView.swift */; };
		54A3FB1B26C52A5500AD2EAA /* VisitCell.swift in Sources */ = {isa = PBXBuildFile; fileRef = 54A3FB1A26C52A5500AD2EAA /* VisitCell.swift */; };
		54A3FB1E26C52A9600AD2EAA /* AppDelegate.swift in Sources */ = {isa = PBXBuildFile; fileRef = 54A3FB1C26C52A9600AD2EAA /* AppDelegate.swift */; };
		54A3FB1F26C52A9600AD2EAA /* SceneDelegate.swift in Sources */ = {isa = PBXBuildFile; fileRef = 54A3FB1D26C52A9600AD2EAA /* SceneDelegate.swift */; };
		54A3FB2126C52AC600AD2EAA /* LaunchScreen.storyboard in Resources */ = {isa = PBXBuildFile; fileRef = 54A3FB2026C52AC600AD2EAA /* LaunchScreen.storyboard */; };
		54A3FB2326C52CAD00AD2EAA /* PrintVisitView.swift in Sources */ = {isa = PBXBuildFile; fileRef = 54A3FB2226C52CAD00AD2EAA /* PrintVisitView.swift */; };
		54A3FB2526C52CBB00AD2EAA /* PrintVisitViewController.swift in Sources */ = {isa = PBXBuildFile; fileRef = 54A3FB2426C52CBB00AD2EAA /* PrintVisitViewController.swift */; };
		54AC62032698664400D4829A /* Patient.swift in Sources */ = {isa = PBXBuildFile; fileRef = 54AC62022698664400D4829A /* Patient.swift */; };
		54AC62062698670A00D4829A /* AddPatientView.swift in Sources */ = {isa = PBXBuildFile; fileRef = 54AC62052698670A00D4829A /* AddPatientView.swift */; };
		54AC62082698671900D4829A /* AddPatientViewController.swift in Sources */ = {isa = PBXBuildFile; fileRef = 54AC62072698671900D4829A /* AddPatientViewController.swift */; };
		54AC620B269867AB00D4829A /* PatientCell.swift in Sources */ = {isa = PBXBuildFile; fileRef = 54AC620A269867AB00D4829A /* PatientCell.swift */; };
		54AC620E269DC53900D4829A /* DatabaseService.swift in Sources */ = {isa = PBXBuildFile; fileRef = 54AC620D269DC53800D4829A /* DatabaseService.swift */; };
		54AC627026B189EA00D4829A /* PatientDetailsView.swift in Sources */ = {isa = PBXBuildFile; fileRef = 54AC626F26B189E800D4829A /* PatientDetailsView.swift */; };
		54AC627526B19AAE00D4829A /* PatientDetailsViewController.swift in Sources */ = {isa = PBXBuildFile; fileRef = 54AC627426B19AAE00D4829A /* PatientDetailsViewController.swift */; };
		54AC627A26BADF9B00D4829A /* Visit.swift in Sources */ = {isa = PBXBuildFile; fileRef = 54AC627926BADF9B00D4829A /* Visit.swift */; };
		54AC627C26BC23E900D4829A /* AddVisitView.swift in Sources */ = {isa = PBXBuildFile; fileRef = 54AC627B26BC23E900D4829A /* AddVisitView.swift */; };
		54AC627E26BC23FA00D4829A /* AddVisitViewController.swift in Sources */ = {isa = PBXBuildFile; fileRef = 54AC627D26BC23FA00D4829A /* AddVisitViewController.swift */; };
		54F074FB268368C30085CC3E /* AuthenticationViewController.swift in Sources */ = {isa = PBXBuildFile; fileRef = 54F074FA268368C30085CC3E /* AuthenticationViewController.swift */; };
		54F07500268368C90085CC3E /* Assets.xcassets in Resources */ = {isa = PBXBuildFile; fileRef = 54F074FF268368C90085CC3E /* Assets.xcassets */; };
		54F0750B268369B40085CC3E /* GoogleService-Info.plist in Resources */ = {isa = PBXBuildFile; fileRef = 54F0750A268369B40085CC3E /* GoogleService-Info.plist */; };
		54F0752F268B23530085CC3E /* AuthenticationView.swift in Sources */ = {isa = PBXBuildFile; fileRef = 54F0752E268B23530085CC3E /* AuthenticationView.swift */; };
/* End PBXBuildFile section */

/* Begin PBXFileReference section */
		0FB9FA9DD1A3AA4008CBD48E /* Pods-MedDesktop.release.xcconfig */ = {isa = PBXFileReference; includeInIndex = 1; lastKnownFileType = text.xcconfig; name = "Pods-MedDesktop.release.xcconfig"; path = "Target Support Files/Pods-MedDesktop/Pods-MedDesktop.release.xcconfig"; sourceTree = "<group>"; };
		5462F08526DF78CB005F1C52 /* HTMLFile.swift */ = {isa = PBXFileReference; lastKnownFileType = sourcecode.swift; path = HTMLFile.swift; sourceTree = "<group>"; };
		547A077D268F35AD0095B74E /* ValidateCodeView.swift */ = {isa = PBXFileReference; lastKnownFileType = sourcecode.swift; path = ValidateCodeView.swift; sourceTree = "<group>"; };
		547A077F268F35C50095B74E /* ValidateCodeViewController.swift */ = {isa = PBXFileReference; lastKnownFileType = sourcecode.swift; path = ValidateCodeViewController.swift; sourceTree = "<group>"; };
		547A0784269336F40095B74E /* MainViewController.swift */ = {isa = PBXFileReference; lastKnownFileType = sourcecode.swift; path = MainViewController.swift; sourceTree = "<group>"; };
		547A0786269336FE0095B74E /* MainView.swift */ = {isa = PBXFileReference; lastKnownFileType = sourcecode.swift; path = MainView.swift; sourceTree = "<group>"; };
		54A3FB1A26C52A5500AD2EAA /* VisitCell.swift */ = {isa = PBXFileReference; fileEncoding = 4; lastKnownFileType = sourcecode.swift; path = VisitCell.swift; sourceTree = "<group>"; };
		54A3FB1C26C52A9600AD2EAA /* AppDelegate.swift */ = {isa = PBXFileReference; fileEncoding = 4; lastKnownFileType = sourcecode.swift; path = AppDelegate.swift; sourceTree = "<group>"; };
		54A3FB1D26C52A9600AD2EAA /* SceneDelegate.swift */ = {isa = PBXFileReference; fileEncoding = 4; lastKnownFileType = sourcecode.swift; path = SceneDelegate.swift; sourceTree = "<group>"; };
		54A3FB2026C52AC600AD2EAA /* LaunchScreen.storyboard */ = {isa = PBXFileReference; fileEncoding = 4; lastKnownFileType = file.storyboard; path = LaunchScreen.storyboard; sourceTree = "<group>"; };
		54A3FB2226C52CAD00AD2EAA /* PrintVisitView.swift */ = {isa = PBXFileReference; lastKnownFileType = sourcecode.swift; path = PrintVisitView.swift; sourceTree = "<group>"; };
		54A3FB2426C52CBB00AD2EAA /* PrintVisitViewController.swift */ = {isa = PBXFileReference; lastKnownFileType = sourcecode.swift; path = PrintVisitViewController.swift; sourceTree = "<group>"; };
		54AC62022698664400D4829A /* Patient.swift */ = {isa = PBXFileReference; lastKnownFileType = sourcecode.swift; path = Patient.swift; sourceTree = "<group>"; };
		54AC62052698670A00D4829A /* AddPatientView.swift */ = {isa = PBXFileReference; lastKnownFileType = sourcecode.swift; path = AddPatientView.swift; sourceTree = "<group>"; };
		54AC62072698671900D4829A /* AddPatientViewController.swift */ = {isa = PBXFileReference; lastKnownFileType = sourcecode.swift; path = AddPatientViewController.swift; sourceTree = "<group>"; };
		54AC620A269867AB00D4829A /* PatientCell.swift */ = {isa = PBXFileReference; lastKnownFileType = sourcecode.swift; path = PatientCell.swift; sourceTree = "<group>"; };
		54AC620D269DC53800D4829A /* DatabaseService.swift */ = {isa = PBXFileReference; lastKnownFileType = sourcecode.swift; path = DatabaseService.swift; sourceTree = "<group>"; };
		54AC626F26B189E800D4829A /* PatientDetailsView.swift */ = {isa = PBXFileReference; lastKnownFileType = sourcecode.swift; path = PatientDetailsView.swift; sourceTree = "<group>"; };
		54AC627426B19AAE00D4829A /* PatientDetailsViewController.swift */ = {isa = PBXFileReference; lastKnownFileType = sourcecode.swift; path = PatientDetailsViewController.swift; sourceTree = "<group>"; };
		54AC627926BADF9B00D4829A /* Visit.swift */ = {isa = PBXFileReference; lastKnownFileType = sourcecode.swift; path = Visit.swift; sourceTree = "<group>"; };
		54AC627B26BC23E900D4829A /* AddVisitView.swift */ = {isa = PBXFileReference; lastKnownFileType = sourcecode.swift; path = AddVisitView.swift; sourceTree = "<group>"; };
		54AC627D26BC23FA00D4829A /* AddVisitViewController.swift */ = {isa = PBXFileReference; lastKnownFileType = sourcecode.swift; path = AddVisitViewController.swift; sourceTree = "<group>"; };
		54F074F3268368C30085CC3E /* MedDesktop.app */ = {isa = PBXFileReference; explicitFileType = wrapper.application; includeInIndex = 0; path = MedDesktop.app; sourceTree = BUILT_PRODUCTS_DIR; };
		54F074FA268368C30085CC3E /* AuthenticationViewController.swift */ = {isa = PBXFileReference; lastKnownFileType = sourcecode.swift; path = AuthenticationViewController.swift; sourceTree = "<group>"; };
		54F074FF268368C90085CC3E /* Assets.xcassets */ = {isa = PBXFileReference; lastKnownFileType = folder.assetcatalog; path = Assets.xcassets; sourceTree = "<group>"; };
		54F07504268368C90085CC3E /* Info.plist */ = {isa = PBXFileReference; lastKnownFileType = text.plist.xml; path = Info.plist; sourceTree = "<group>"; };
		54F0750A268369B40085CC3E /* GoogleService-Info.plist */ = {isa = PBXFileReference; fileEncoding = 4; lastKnownFileType = text.plist.xml; path = "GoogleService-Info.plist"; sourceTree = "<group>"; };
		54F0752E268B23530085CC3E /* AuthenticationView.swift */ = {isa = PBXFileReference; lastKnownFileType = sourcecode.swift; path = AuthenticationView.swift; sourceTree = "<group>"; };
		81CC1538CB1917EB6C47D5D2 /* Pods_MedDesktop.framework */ = {isa = PBXFileReference; explicitFileType = wrapper.framework; includeInIndex = 0; path = Pods_MedDesktop.framework; sourceTree = BUILT_PRODUCTS_DIR; };
		B0A795F018EDF596044DB00E /* Pods-MedDesktop.debug.xcconfig */ = {isa = PBXFileReference; includeInIndex = 1; lastKnownFileType = text.xcconfig; name = "Pods-MedDesktop.debug.xcconfig"; path = "Target Support Files/Pods-MedDesktop/Pods-MedDesktop.debug.xcconfig"; sourceTree = "<group>"; };
/* End PBXFileReference section */

/* Begin PBXFrameworksBuildPhase section */
		54F074F0268368C30085CC3E /* Frameworks */ = {
			isa = PBXFrameworksBuildPhase;
			buildActionMask = 2147483647;
			files = (
				30AC76195E525A5305657244 /* Pods_MedDesktop.framework in Frameworks */,
			);
			runOnlyForDeploymentPostprocessing = 0;
		};
/* End PBXFrameworksBuildPhase section */

/* Begin PBXGroup section */
		547A077C268F350C0095B74E /* ValidateCode */ = {
			isa = PBXGroup;
			children = (
				547A077D268F35AD0095B74E /* ValidateCodeView.swift */,
				547A077F268F35C50095B74E /* ValidateCodeViewController.swift */,
			);
			path = ValidateCode;
			sourceTree = "<group>";
		};
		547A07832693369E0095B74E /* MainScreen */ = {
			isa = PBXGroup;
			children = (
				547A0786269336FE0095B74E /* MainView.swift */,
				547A0784269336F40095B74E /* MainViewController.swift */,
				54AC620C269867AF00D4829A /* Cell */,
			);
			path = MainScreen;
			sourceTree = "<group>";
		};
		547A0788269361950095B74E /* Authentication */ = {
			isa = PBXGroup;
			children = (
				54F0752E268B23530085CC3E /* AuthenticationView.swift */,
				54F074FA268368C30085CC3E /* AuthenticationViewController.swift */,
			);
			path = Authentication;
			sourceTree = "<group>";
		};
		54A3FB2626C52CC400AD2EAA /* PrintVisit */ = {
			isa = PBXGroup;
			children = (
				54A3FB2226C52CAD00AD2EAA /* PrintVisitView.swift */,
				54A3FB2426C52CBB00AD2EAA /* PrintVisitViewController.swift */,
				5462F08526DF78CB005F1C52 /* HTMLFile.swift */,
			);
			path = PrintVisit;
			sourceTree = "<group>";
		};
		54AC62042698664B00D4829A /* Models */ = {
			isa = PBXGroup;
			children = (
				54AC62022698664400D4829A /* Patient.swift */,
				54AC627926BADF9B00D4829A /* Visit.swift */,
			);
			path = Models;
			sourceTree = "<group>";
		};
		54AC62092698671D00D4829A /* AddPatient */ = {
			isa = PBXGroup;
			children = (
				54AC62052698670A00D4829A /* AddPatientView.swift */,
				54AC62072698671900D4829A /* AddPatientViewController.swift */,
			);
			path = AddPatient;
			sourceTree = "<group>";
		};
		54AC620C269867AF00D4829A /* Cell */ = {
			isa = PBXGroup;
			children = (
				54AC620A269867AB00D4829A /* PatientCell.swift */,
			);
			path = Cell;
			sourceTree = "<group>";
		};
		54AC620F269DC53E00D4829A /* Services */ = {
			isa = PBXGroup;
			children = (
				54AC620D269DC53800D4829A /* DatabaseService.swift */,
			);
			path = Services;
			sourceTree = "<group>";
		};
		54AC627126B189F100D4829A /* PatientDetails */ = {
			isa = PBXGroup;
			children = (
				54AC626F26B189E800D4829A /* PatientDetailsView.swift */,
				54AC627426B19AAE00D4829A /* PatientDetailsViewController.swift */,
				54AC627826BADAE800D4829A /* Cell */,
			);
			path = PatientDetails;
			sourceTree = "<group>";
		};
		54AC627826BADAE800D4829A /* Cell */ = {
			isa = PBXGroup;
			children = (
				54A3FB1A26C52A5500AD2EAA /* VisitCell.swift */,
			);
			path = Cell;
			sourceTree = "<group>";
		};
		54AC627F26BC23FE00D4829A /* AddVisit */ = {
			isa = PBXGroup;
			children = (
				54AC627B26BC23E900D4829A /* AddVisitView.swift */,
				54AC627D26BC23FA00D4829A /* AddVisitViewController.swift */,
			);
			path = AddVisit;
			sourceTree = "<group>";
		};
		54F074EA268368C30085CC3E = {
			isa = PBXGroup;
			children = (
				54F074F5268368C30085CC3E /* MedDesktop */,
				54F074F4268368C30085CC3E /* Products */,
				D55C98C6A53854E4E4E52B6C /* Pods */,
				F15297B41F47E3EE036C7A05 /* Frameworks */,
			);
			sourceTree = "<group>";
		};
		54F074F4268368C30085CC3E /* Products */ = {
			isa = PBXGroup;
			children = (
				54F074F3268368C30085CC3E /* MedDesktop.app */,
			);
			name = Products;
			sourceTree = "<group>";
		};
		54F074F5268368C30085CC3E /* MedDesktop */ = {
			isa = PBXGroup;
			children = (
				547A0788269361950095B74E /* Authentication */,
				547A077C268F350C0095B74E /* ValidateCode */,
				547A07832693369E0095B74E /* MainScreen */,
				54AC627126B189F100D4829A /* PatientDetails */,
				54AC62092698671D00D4829A /* AddPatient */,
				54AC627F26BC23FE00D4829A /* AddVisit */,
				54A3FB2626C52CC400AD2EAA /* PrintVisit */,
				54F0750C2684B3110085CC3E /* BaseComponents */,
				54AC620F269DC53E00D4829A /* Services */,
				54AC62042698664B00D4829A /* Models */,
				54F074FF268368C90085CC3E /* Assets.xcassets */,
				54F07504268368C90085CC3E /* Info.plist */,
				54F0750A268369B40085CC3E /* GoogleService-Info.plist */,
			);
			path = MedDesktop;
			sourceTree = "<group>";
		};
		54F0750C2684B3110085CC3E /* BaseComponents */ = {
			isa = PBXGroup;
			children = (
				54A3FB1C26C52A9600AD2EAA /* AppDelegate.swift */,
				54A3FB1D26C52A9600AD2EAA /* SceneDelegate.swift */,
				54A3FB2026C52AC600AD2EAA /* LaunchScreen.storyboard */,
			);
			path = BaseComponents;
			sourceTree = "<group>";
		};
		D55C98C6A53854E4E4E52B6C /* Pods */ = {
			isa = PBXGroup;
			children = (
				B0A795F018EDF596044DB00E /* Pods-MedDesktop.debug.xcconfig */,
				0FB9FA9DD1A3AA4008CBD48E /* Pods-MedDesktop.release.xcconfig */,
			);
			path = Pods;
			sourceTree = "<group>";
		};
		F15297B41F47E3EE036C7A05 /* Frameworks */ = {
			isa = PBXGroup;
			children = (
				81CC1538CB1917EB6C47D5D2 /* Pods_MedDesktop.framework */,
			);
			name = Frameworks;
			sourceTree = "<group>";
		};
/* End PBXGroup section */

/* Begin PBXNativeTarget section */
		54F074F2268368C30085CC3E /* MedDesktop */ = {
			isa = PBXNativeTarget;
			buildConfigurationList = 54F07507268368C90085CC3E /* Build configuration list for PBXNativeTarget "MedDesktop" */;
			buildPhases = (
				FC3561E407A8B1165FD98640 /* [CP] Check Pods Manifest.lock */,
				54F074EF268368C30085CC3E /* Sources */,
				54F074F0268368C30085CC3E /* Frameworks */,
				54F074F1268368C30085CC3E /* Resources */,
				7413A3084928D7D026E32A97 /* [CP] Embed Pods Frameworks */,
			);
			buildRules = (
			);
			dependencies = (
			);
			name = MedDesktop;
			productName = MedDesktop;
			productReference = 54F074F3268368C30085CC3E /* MedDesktop.app */;
			productType = "com.apple.product-type.application";
		};
/* End PBXNativeTarget section */

/* Begin PBXProject section */
		54F074EB268368C30085CC3E /* Project object */ = {
			isa = PBXProject;
			attributes = {
				LastSwiftUpdateCheck = 1250;
				LastUpgradeCheck = 1250;
				TargetAttributes = {
					54F074F2268368C30085CC3E = {
						CreatedOnToolsVersion = 12.5;
					};
				};
			};
			buildConfigurationList = 54F074EE268368C30085CC3E /* Build configuration list for PBXProject "MedDesktop" */;
			compatibilityVersion = "Xcode 9.3";
			developmentRegion = en;
			hasScannedForEncodings = 0;
			knownRegions = (
				en,
				Base,
			);
			mainGroup = 54F074EA268368C30085CC3E;
			productRefGroup = 54F074F4268368C30085CC3E /* Products */;
			projectDirPath = "";
			projectRoot = "";
			targets = (
				54F074F2268368C30085CC3E /* MedDesktop */,
			);
		};
/* End PBXProject section */

/* Begin PBXResourcesBuildPhase section */
		54F074F1268368C30085CC3E /* Resources */ = {
			isa = PBXResourcesBuildPhase;
			buildActionMask = 2147483647;
			files = (
				54A3FB2126C52AC600AD2EAA /* LaunchScreen.storyboard in Resources */,
				54F0750B268369B40085CC3E /* GoogleService-Info.plist in Resources */,
				54F07500268368C90085CC3E /* Assets.xcassets in Resources */,
			);
			runOnlyForDeploymentPostprocessing = 0;
		};
/* End PBXResourcesBuildPhase section */

/* Begin PBXShellScriptBuildPhase section */
		7413A3084928D7D026E32A97 /* [CP] Embed Pods Frameworks */ = {
			isa = PBXShellScriptBuildPhase;
			buildActionMask = 2147483647;
			files = (
			);
			inputFileListPaths = (
				"${PODS_ROOT}/Target Support Files/Pods-MedDesktop/Pods-MedDesktop-frameworks-${CONFIGURATION}-input-files.xcfilelist",
			);
			name = "[CP] Embed Pods Frameworks";
			outputFileListPaths = (
				"${PODS_ROOT}/Target Support Files/Pods-MedDesktop/Pods-MedDesktop-frameworks-${CONFIGURATION}-output-files.xcfilelist",
			);
			runOnlyForDeploymentPostprocessing = 0;
			shellPath = /bin/sh;
			shellScript = "\"${PODS_ROOT}/Target Support Files/Pods-MedDesktop/Pods-MedDesktop-frameworks.sh\"\n";
			showEnvVarsInLog = 0;
		};
		FC3561E407A8B1165FD98640 /* [CP] Check Pods Manifest.lock */ = {
			isa = PBXShellScriptBuildPhase;
			buildActionMask = 2147483647;
			files = (
			);
			inputFileListPaths = (
			);
			inputPaths = (
				"${PODS_PODFILE_DIR_PATH}/Podfile.lock",
				"${PODS_ROOT}/Manifest.lock",
			);
			name = "[CP] Check Pods Manifest.lock";
			outputFileListPaths = (
			);
			outputPaths = (
				"$(DERIVED_FILE_DIR)/Pods-MedDesktop-checkManifestLockResult.txt",
			);
			runOnlyForDeploymentPostprocessing = 0;
			shellPath = /bin/sh;
			shellScript = "diff \"${PODS_PODFILE_DIR_PATH}/Podfile.lock\" \"${PODS_ROOT}/Manifest.lock\" > /dev/null\nif [ $? != 0 ] ; then\n    # print error to STDERR\n    echo \"error: The sandbox is not in sync with the Podfile.lock. Run 'pod install' or update your CocoaPods installation.\" >&2\n    exit 1\nfi\n# This output is used by Xcode 'outputs' to avoid re-running this script phase.\necho \"SUCCESS\" > \"${SCRIPT_OUTPUT_FILE_0}\"\n";
			showEnvVarsInLog = 0;
		};
/* End PBXShellScriptBuildPhase section */

/* Begin PBXSourcesBuildPhase section */
		54F074EF268368C30085CC3E /* Sources */ = {
			isa = PBXSourcesBuildPhase;
			buildActionMask = 2147483647;
			files = (
				547A0785269336F40095B74E /* MainViewController.swift in Sources */,
				547A0787269336FE0095B74E /* MainView.swift in Sources */,
				54A3FB1B26C52A5500AD2EAA /* VisitCell.swift in Sources */,
				54AC62032698664400D4829A /* Patient.swift in Sources */,
				5462F08626DF78CB005F1C52 /* HTMLFile.swift in Sources */,
				54AC627A26BADF9B00D4829A /* Visit.swift in Sources */,
				54AC627C26BC23E900D4829A /* AddVisitView.swift in Sources */,
				54F074FB268368C30085CC3E /* AuthenticationViewController.swift in Sources */,
				547A077E268F35AD0095B74E /* ValidateCodeView.swift in Sources */,
				54AC627526B19AAE00D4829A /* PatientDetailsViewController.swift in Sources */,
				54AC620B269867AB00D4829A /* PatientCell.swift in Sources */,
				54AC627E26BC23FA00D4829A /* AddVisitViewController.swift in Sources */,
				54A3FB2526C52CBB00AD2EAA /* PrintVisitViewController.swift in Sources */,
				54AC62082698671900D4829A /* AddPatientViewController.swift in Sources */,
				54A3FB1E26C52A9600AD2EAA /* AppDelegate.swift in Sources */,
				547A0780268F35C50095B74E /* ValidateCodeViewController.swift in Sources */,
				54A3FB2326C52CAD00AD2EAA /* PrintVisitView.swift in Sources */,
				54AC62062698670A00D4829A /* AddPatientView.swift in Sources */,
				54AC620E269DC53900D4829A /* DatabaseService.swift in Sources */,
				54A3FB1F26C52A9600AD2EAA /* SceneDelegate.swift in Sources */,
				54AC627026B189EA00D4829A /* PatientDetailsView.swift in Sources */,
				54F0752F268B23530085CC3E /* AuthenticationView.swift in Sources */,
			);
			runOnlyForDeploymentPostprocessing = 0;
		};
/* End PBXSourcesBuildPhase section */

/* Begin XCBuildConfiguration section */
		54F07505268368C90085CC3E /* Debug */ = {
			isa = XCBuildConfiguration;
			buildSettings = {
				ALWAYS_SEARCH_USER_PATHS = NO;
				CLANG_ANALYZER_NONNULL = YES;
				CLANG_ANALYZER_NUMBER_OBJECT_CONVERSION = YES_AGGRESSIVE;
				CLANG_CXX_LANGUAGE_STANDARD = "gnu++14";
				CLANG_CXX_LIBRARY = "libc++";
				CLANG_ENABLE_MODULES = YES;
				CLANG_ENABLE_OBJC_ARC = YES;
				CLANG_ENABLE_OBJC_WEAK = YES;
				CLANG_WARN_BLOCK_CAPTURE_AUTORELEASING = YES;
				CLANG_WARN_BOOL_CONVERSION = YES;
				CLANG_WARN_COMMA = YES;
				CLANG_WARN_CONSTANT_CONVERSION = YES;
				CLANG_WARN_DEPRECATED_OBJC_IMPLEMENTATIONS = YES;
				CLANG_WARN_DIRECT_OBJC_ISA_USAGE = YES_ERROR;
				CLANG_WARN_DOCUMENTATION_COMMENTS = YES;
				CLANG_WARN_EMPTY_BODY = YES;
				CLANG_WARN_ENUM_CONVERSION = YES;
				CLANG_WARN_INFINITE_RECURSION = YES;
				CLANG_WARN_INT_CONVERSION = YES;
				CLANG_WARN_NON_LITERAL_NULL_CONVERSION = YES;
				CLANG_WARN_OBJC_IMPLICIT_RETAIN_SELF = YES;
				CLANG_WARN_OBJC_LITERAL_CONVERSION = YES;
				CLANG_WARN_OBJC_ROOT_CLASS = YES_ERROR;
				CLANG_WARN_QUOTED_INCLUDE_IN_FRAMEWORK_HEADER = YES;
				CLANG_WARN_RANGE_LOOP_ANALYSIS = YES;
				CLANG_WARN_STRICT_PROTOTYPES = YES;
				CLANG_WARN_SUSPICIOUS_MOVE = YES;
				CLANG_WARN_UNGUARDED_AVAILABILITY = YES_AGGRESSIVE;
				CLANG_WARN_UNREACHABLE_CODE = YES;
				CLANG_WARN__DUPLICATE_METHOD_MATCH = YES;
				COPY_PHASE_STRIP = NO;
				DEBUG_INFORMATION_FORMAT = dwarf;
				ENABLE_STRICT_OBJC_MSGSEND = YES;
				ENABLE_TESTABILITY = YES;
				GCC_C_LANGUAGE_STANDARD = gnu11;
				GCC_DYNAMIC_NO_PIC = NO;
				GCC_NO_COMMON_BLOCKS = YES;
				GCC_OPTIMIZATION_LEVEL = 0;
				GCC_PREPROCESSOR_DEFINITIONS = (
					"DEBUG=1",
					"$(inherited)",
				);
				GCC_WARN_64_TO_32_BIT_CONVERSION = YES;
				GCC_WARN_ABOUT_RETURN_TYPE = YES_ERROR;
				GCC_WARN_UNDECLARED_SELECTOR = YES;
				GCC_WARN_UNINITIALIZED_AUTOS = YES_AGGRESSIVE;
				GCC_WARN_UNUSED_FUNCTION = YES;
				GCC_WARN_UNUSED_VARIABLE = YES;
				IPHONEOS_DEPLOYMENT_TARGET = 14.5;
				MTL_ENABLE_DEBUG_INFO = INCLUDE_SOURCE;
				MTL_FAST_MATH = YES;
				ONLY_ACTIVE_ARCH = YES;
				SDKROOT = iphoneos;
				SWIFT_ACTIVE_COMPILATION_CONDITIONS = DEBUG;
				SWIFT_OPTIMIZATION_LEVEL = "-Onone";
			};
			name = Debug;
		};
		54F07506268368C90085CC3E /* Release */ = {
			isa = XCBuildConfiguration;
			buildSettings = {
				ALWAYS_SEARCH_USER_PATHS = NO;
				CLANG_ANALYZER_NONNULL = YES;
				CLANG_ANALYZER_NUMBER_OBJECT_CONVERSION = YES_AGGRESSIVE;
				CLANG_CXX_LANGUAGE_STANDARD = "gnu++14";
				CLANG_CXX_LIBRARY = "libc++";
				CLANG_ENABLE_MODULES = YES;
				CLANG_ENABLE_OBJC_ARC = YES;
				CLANG_ENABLE_OBJC_WEAK = YES;
				CLANG_WARN_BLOCK_CAPTURE_AUTORELEASING = YES;
				CLANG_WARN_BOOL_CONVERSION = YES;
				CLANG_WARN_COMMA = YES;
				CLANG_WARN_CONSTANT_CONVERSION = YES;
				CLANG_WARN_DEPRECATED_OBJC_IMPLEMENTATIONS = YES;
				CLANG_WARN_DIRECT_OBJC_ISA_USAGE = YES_ERROR;
				CLANG_WARN_DOCUMENTATION_COMMENTS = YES;
				CLANG_WARN_EMPTY_BODY = YES;
				CLANG_WARN_ENUM_CONVERSION = YES;
				CLANG_WARN_INFINITE_RECURSION = YES;
				CLANG_WARN_INT_CONVERSION = YES;
				CLANG_WARN_NON_LITERAL_NULL_CONVERSION = YES;
				CLANG_WARN_OBJC_IMPLICIT_RETAIN_SELF = YES;
				CLANG_WARN_OBJC_LITERAL_CONVERSION = YES;
				CLANG_WARN_OBJC_ROOT_CLASS = YES_ERROR;
				CLANG_WARN_QUOTED_INCLUDE_IN_FRAMEWORK_HEADER = YES;
				CLANG_WARN_RANGE_LOOP_ANALYSIS = YES;
				CLANG_WARN_STRICT_PROTOTYPES = YES;
				CLANG_WARN_SUSPICIOUS_MOVE = YES;
				CLANG_WARN_UNGUARDED_AVAILABILITY = YES_AGGRESSIVE;
				CLANG_WARN_UNREACHABLE_CODE = YES;
				CLANG_WARN__DUPLICATE_METHOD_MATCH = YES;
				COPY_PHASE_STRIP = NO;
				DEBUG_INFORMATION_FORMAT = "dwarf-with-dsym";
				ENABLE_NS_ASSERTIONS = NO;
				ENABLE_STRICT_OBJC_MSGSEND = YES;
				GCC_C_LANGUAGE_STANDARD = gnu11;
				GCC_NO_COMMON_BLOCKS = YES;
				GCC_WARN_64_TO_32_BIT_CONVERSION = YES;
				GCC_WARN_ABOUT_RETURN_TYPE = YES_ERROR;
				GCC_WARN_UNDECLARED_SELECTOR = YES;
				GCC_WARN_UNINITIALIZED_AUTOS = YES_AGGRESSIVE;
				GCC_WARN_UNUSED_FUNCTION = YES;
				GCC_WARN_UNUSED_VARIABLE = YES;
				IPHONEOS_DEPLOYMENT_TARGET = 14.5;
				MTL_ENABLE_DEBUG_INFO = NO;
				MTL_FAST_MATH = YES;
				SDKROOT = iphoneos;
				SWIFT_COMPILATION_MODE = wholemodule;
				SWIFT_OPTIMIZATION_LEVEL = "-O";
				VALIDATE_PRODUCT = YES;
			};
			name = Release;
		};
		54F07508268368C90085CC3E /* Debug */ = {
			isa = XCBuildConfiguration;
			baseConfigurationReference = B0A795F018EDF596044DB00E /* Pods-MedDesktop.debug.xcconfig */;
			buildSettings = {
				ASSETCATALOG_COMPILER_APPICON_NAME = AppIcon;
				ASSETCATALOG_COMPILER_GLOBAL_ACCENT_COLOR_NAME = AccentColor;
				CODE_SIGN_IDENTITY = "Apple Development";
				CODE_SIGN_STYLE = Automatic;
				DEVELOPMENT_TEAM = R82428TV8S;
				INFOPLIST_FILE = MedDesktop/Info.plist;
				LD_RUNPATH_SEARCH_PATHS = (
					"$(inherited)",
					"@executable_path/Frameworks",
				);
				PRODUCT_BUNDLE_IDENTIFIER = com.igorOh.MedDesktop;
				PRODUCT_NAME = "$(TARGET_NAME)";
				PROVISIONING_PROFILE_SPECIFIER = "";
				SWIFT_VERSION = 5.0;
				TARGETED_DEVICE_FAMILY = "1,2";
			};
			name = Debug;
		};
		54F07509268368C90085CC3E /* Release */ = {
			isa = XCBuildConfiguration;
			baseConfigurationReference = 0FB9FA9DD1A3AA4008CBD48E /* Pods-MedDesktop.release.xcconfig */;
			buildSettings = {
				ASSETCATALOG_COMPILER_APPICON_NAME = AppIcon;
				ASSETCATALOG_COMPILER_GLOBAL_ACCENT_COLOR_NAME = AccentColor;
				CODE_SIGN_IDENTITY = "Apple Development";
				CODE_SIGN_STYLE = Automatic;
				DEVELOPMENT_TEAM = R82428TV8S;
				INFOPLIST_FILE = MedDesktop/Info.plist;
				LD_RUNPATH_SEARCH_PATHS = (
					"$(inherited)",
					"@executable_path/Frameworks",
				);
				PRODUCT_BUNDLE_IDENTIFIER = com.igorOh.MedDesktop;
				PRODUCT_NAME = "$(TARGET_NAME)";
				PROVISIONING_PROFILE_SPECIFIER = "";
				SWIFT_VERSION = 5.0;
				TARGETED_DEVICE_FAMILY = "1,2";
			};
			name = Release;
		};
/* End XCBuildConfiguration section */

/* Begin XCConfigurationList section */
		54F074EE268368C30085CC3E /* Build configuration list for PBXProject "MedDesktop" */ = {
			isa = XCConfigurationList;
			buildConfigurations = (
				54F07505268368C90085CC3E /* Debug */,
				54F07506268368C90085CC3E /* Release */,
			);
			defaultConfigurationIsVisible = 0;
			defaultConfigurationName = Release;
		};
		54F07507268368C90085CC3E /* Build configuration list for PBXNativeTarget "MedDesktop" */ = {
			isa = XCConfigurationList;
			buildConfigurations = (
				54F07508268368C90085CC3E /* Debug */,
				54F07509268368C90085CC3E /* Release */,
			);
			defaultConfigurationIsVisible = 0;
			defaultConfigurationName = Release;
		};
/* End XCConfigurationList section */
	};
	rootObject = 54F074EB268368C30085CC3E /* Project object */;
}
